{
  "lockfileVersion": 1,
  "workspaces": {
    "": {
      "dependencies": {
        "@opencode-ai/plugin": "1.3.5",
        "bun-types": "latest",
      },
    },
  },
  "packages": {
    "@opencode-ai/plugin": ["@opencode-ai/plugin@1.3.5", "", { "dependencies": { "@opencode-ai/sdk": "1.3.5", "zod": "4.1.8" }, "peerDependencies": { "@opentui/core": ">=0.1.92", "@opentui/solid": ">=0.1.92" }, "optionalPeers": ["@opentui/core", "@opentui/solid"] }, "sha512-hsFrE6mm+/BMZyYF/+VJPueMDW+UKzGV2zv10TlNchBnO/Wf5WwZLB7lFDqtJmVHsZakPbFGEFCE5+GThPJfWw=="],

    "@opencode-ai/sdk": ["@opencode-ai/sdk@1.3.5", "", {}, "sha512-ckKedqONnigSejAm/UVlBuQP0U1Ozn9uC54zLxz/EqQZPWE8y7V+8PT048zC7q6gqI+puj2jns65/+enJSkTEQ=="],

    "@types/node": ["@types/node@25.5.0", "", { "dependencies": { "undici-types": "~7.18.0" } }, "sha512-jp2P3tQMSxWugkCUKLRPVUpGaL5MVFwF8RDuSRztfwgN1wmqJeMSbKlnEtQqU8UrhTmzEmZdu2I6v2dpp7XIxw=="],

    "bun-types": ["bun-types@1.3.11", "", { "dependencies": { "@types/node": "*" } }, "sha512-1KGPpoxQWl9f6wcZh57LvrPIInQMn2TQ7jsgxqpRzg+l0QPOFvJVH7HmvHo/AiPgwXy+/Thf6Ov3EdVn1vOabg=="],

    "undici-types": ["undici-types@7.18.2", "", {}, "sha512-AsuCzffGHJybSaRrmr5eHr81mwJU3kjw6M+uprWvCXiNeN9SOGwQ3Jn8jb8m3Z6izVgknn1R0FTCEAP2QrLY/w=="],

    "zod": ["zod@4.1.8", "", {}, "sha512-5R1P+WwQqmmMIEACyzSvo4JXHY5WiAFHRMg+zBZKgKS+Q1viRa0C1hmUKtHltoIFKtIdki3pRxkmpP74jnNYHQ=="],
  }
}
